
Microsoft Visual Studio Solution File, Format Version 12.00
# Visual Studio Version 17
VisualStudioVersion = 17.3.32811.315
MinimumVisualStudioVersion = 10.0.40219.1
Project("{9A19103F-16F7-4668-BE54-9A1E7A4F7556}") = "Algorand.SDK.Dotnet.UnitTests", "Algorand.SDK.Dotnet.Unittests\Algorand.SDK.Dotnet.UnitTests.csproj", "{F99B1490-4CBF-49A0-9ADF-B507BE87A628}"
EndProject
Project("{9A19103F-16F7-4668-BE54-9A1E7A4F7556}") = "Algorand.SDK.Dotnet", "Algorand.SDK.Dotnet\Algorand.SDK.Dotnet.csproj", "{BAAB3A23-4402-41B4-87B4-1FE7A2618F94}"
EndProject
Project("{9A19103F-16F7-4668-BE54-9A1E7A4F7556}") = "Algorand.SDK.Dotnet.Console", "Algorand.SDK.Dotnet.Console\Algorand.SDK.Dotnet.Console.csproj", "{04B895DD-D863-472A-BDB2-62B8B95F796F}"
EndProject
Global
	GlobalSection(SolutionConfigurationPlatforms) = preSolution
		Debug|Any CPU = Debug|Any CPU
		Release|Any CPU = Release|Any CPU
	EndGlobalSection
	GlobalSection(ProjectConfigurationPlatforms) = postSolution
		{F99B1490-4CBF-49A0-9ADF-B507BE87A628}.Debug|Any CPU.ActiveCfg = Debug|Any CPU
		{F99B1490-4CBF-49A0-9ADF-B507BE87A628}.Debug|Any CPU.Build.0 = Debug|Any CPU
		{F99B1490-4CBF-49A0-9ADF-B507BE87A628}.Release|Any CPU.ActiveCfg = Release|Any CPU
		{F99B1490-4CBF-49A0-9ADF-B507BE87A628}.Release|Any CPU.Build.0 = Release|Any CPU
		{BAAB3A23-4402-41B4-87B4-1FE7A2618F94}.Debug|Any CPU.ActiveCfg = Debug|Any CPU
		{BAAB3A23-4402-41B4-87B4-1FE7A2618F94}.Debug|Any CPU.Build.0 = Debug|Any CPU
		{BAAB3A23-4402-41B4-87B4-1FE7A2618F94}.Release|Any CPU.ActiveCfg = Release|Any CPU
		{BAAB3A23-4402-41B4-87B4-1FE7A2618F94}.Release|Any CPU.Build.0 = Release|Any CPU
		{04B895DD-D863-472A-BDB2-62B8B95F796F}.Debug|Any CPU.ActiveCfg = Debug|Any CPU
		{04B895DD-D863-472A-BDB2-62B8B95F796F}.Debug|Any CPU.Build.0 = Debug|Any CPU
		{04B895DD-D863-472A-BDB2-62B8B95F796F}.Release|Any CPU.ActiveCfg = Release|Any CPU
		{04B895DD-D863-472A-BDB2-62B8B95F796F}.Release|Any CPU.Build.0 = Release|Any CPU
	EndGlobalSection
	GlobalSection(SolutionProperties) = preSolution
		HideSolutionNode = FALSE
	EndGlobalSection
	GlobalSection(ExtensibilityGlobals) = postSolution
		SolutionGuid = {0F23C9E2-7FD6-4E39-BA8E-5D05D98507D9}
	EndGlobalSection
EndGlobal
